{
  "object": {
    "pins": [
      {
        "package": "AIAgentCore",
        "repositoryURL": "https://github.com/tezpark/module-test-ios.git",
        "state": {
          "branch": null,
          "revision": "b0eba59d6b7cff31ee497eee2bcfd51cfe7a3506",
          "version": "1.0.10"
        }
      }
    ]
  },
  "version": 1
}
