{
  "object": {
    "pins": [
      {
        "package": "AIAgentCore",
        "repositoryURL": "https://github.com/tezpark/module-test-ios.git",
        "state": {
          "branch": null,
          "revision": "53b443bae353903f10c0313dba6a912b72c410f6",
          "version": "1.0.11"
        }
      }
    ]
  },
  "version": 1
}
